
Microsoft Visual Studio Solution File, Format Version 12.00
# Visual Studio Version 17
VisualStudioVersion = 17.5.002.0
MinimumVisualStudioVersion = 10.0.40219.1
Project("{9A19103F-16F7-4668-BE54-9A1E7A4F7556}") = "testapp", "testapp.csproj", "{244C7839-8755-4675-AAA6-5CC08442C579}"
EndProject
Global
	GlobalSection(SolutionConfigurationPlatforms) = preSolution
		Debug|Any CPU = Debug|Any CPU
		Release|Any CPU = Release|Any CPU
	EndGlobalSection
	GlobalSection(ProjectConfigurationPlatforms) = postSolution
		{244C7839-8755-4675-AAA6-5CC08442C579}.Debug|Any CPU.ActiveCfg = Debug|Any CPU
		{244C7839-8755-4675-AAA6-5CC08442C579}.Debug|Any CPU.Build.0 = Debug|Any CPU
		{244C7839-8755-4675-AAA6-5CC08442C579}.Release|Any CPU.ActiveCfg = Release|Any CPU
		{244C7839-8755-4675-AAA6-5CC08442C579}.Release|Any CPU.Build.0 = Release|Any CPU
	EndGlobalSection
	GlobalSection(SolutionProperties) = preSolution
		HideSolutionNode = FALSE
	EndGlobalSection
	GlobalSection(ExtensibilityGlobals) = postSolution
		SolutionGuid = {088B4F0A-464A-4974-8E0A-E79636C250CF}
	EndGlobalSection
EndGlobal
